// !$*UTF8*$!
{
	archiveVersion = 1;
	classes = {
	};
	objectVersion = 56;
	objects = {

/* Begin PBXBuildFile section */
		AA29249E2BAFF3DD0032FFE8 /* paopaoCalendarApp.swift in Sources */ = {isa = PBXBuildFile; fileRef = AA29249D2BAFF3DD0032FFE8 /* paopaoCalendarApp.swift */; };
		AA2924A02BAFF3DD0032FFE8 /* ContentView.swift in Sources */ = {isa = PBXBuildFile; fileRef = AA29249F2BAFF3DD0032FFE8 /* ContentView.swift */; };
		AA2924A22BAFF3DE0032FFE8 /* Assets.xcassets in Resources */ = {isa = PBXBuildFile; fileRef = AA2924A12BAFF3DE0032FFE8 /* Assets.xcassets */; };
		AA2924A62BAFF3DE0032FFE8 /* Preview Assets.xcassets in Resources */ = {isa = PBXBuildFile; fileRef = AA2924A52BAFF3DE0032FFE8 /* Preview Assets.xcassets */; };
		AA2924AF2BAFF4C40032FFE8 /* LunarCalendar.swift in Sources */ = {isa = PBXBuildFile; fileRef = AA2924AE2BAFF4C40032FFE8 /* LunarCalendar.swift */; };
		AA2924B12BAFF4DF0032FFE8 /* CalendarGrid.swift in Sources */ = {isa = PBXBuildFile; fileRef = AA2924B02BAFF4DF0032FFE8 /* CalendarGrid.swift */; };
		AA2924B32BAFF4F90032FFE8 /* CalendarWeek.swift in Sources */ = {isa = PBXBuildFile; fileRef = AA2924B22BAFF4F90032FFE8 /* CalendarWeek.swift */; };
		AA2924B52BAFF50F0032FFE8 /* CalenderDay.swift in Sources */ = {isa = PBXBuildFile; fileRef = AA2924B42BAFF50F0032FFE8 /* CalenderDay.swift */; };
		AA2924B72BAFF5280032FFE8 /* Util.swift in Sources */ = {isa = PBXBuildFile; fileRef = AA2924B62BAFF5280032FFE8 /* Util.swift */; };
/* End PBXBuildFile section */

/* Begin PBXFileReference section */
		AA29249A2BAFF3DD0032FFE8 /* paopaoCalendar.app */ = {isa = PBXFileReference; explicitFileType = wrapper.application; includeInIndex = 0; path = paopaoCalendar.app; sourceTree = BUILT_PRODUCTS_DIR; };
		AA29249D2BAFF3DD0032FFE8 /* paopaoCalendarApp.swift */ = {isa = PBXFileReference; lastKnownFileType = sourcecode.swift; path = paopaoCalendarApp.swift; sourceTree = "<group>"; };
		AA29249F2BAFF3DD0032FFE8 /* ContentView.swift */ = {isa = PBXFileReference; lastKnownFileType = sourcecode.swift; path = ContentView.swift; sourceTree = "<group>"; };
		AA2924A12BAFF3DE0032FFE8 /* Assets.xcassets */ = {isa = PBXFileReference; lastKnownFileType = folder.assetcatalog; path = Assets.xcassets; sourceTree = "<group>"; };
		AA2924A32BAFF3DE0032FFE8 /* paopaoCalendar.entitlements */ = {isa = PBXFileReference; lastKnownFileType = text.plist.entitlements; path = paopaoCalendar.entitlements; sourceTree = "<group>"; };
		AA2924A52BAFF3DE0032FFE8 /* Preview Assets.xcassets */ = {isa = PBXFileReference; lastKnownFileType = folder.assetcatalog; path = "Preview Assets.xcassets"; sourceTree = "<group>"; };
		AA2924AE2BAFF4C40032FFE8 /* LunarCalendar.swift */ = {isa = PBXFileReference; lastKnownFileType = sourcecode.swift; path = LunarCalendar.swift; sourceTree = "<group>"; };
		AA2924B02BAFF4DF0032FFE8 /* CalendarGrid.swift */ = {isa = PBXFileReference; lastKnownFileType = sourcecode.swift; path = CalendarGrid.swift; sourceTree = "<group>"; };
		AA2924B22BAFF4F90032FFE8 /* CalendarWeek.swift */ = {isa = PBXFileReference; lastKnownFileType = sourcecode.swift; path = CalendarWeek.swift; sourceTree = "<group>"; };
		AA2924B42BAFF50F0032FFE8 /* CalenderDay.swift */ = {isa = PBXFileReference; lastKnownFileType = sourcecode.swift; path = CalenderDay.swift; sourceTree = "<group>"; };
		AA2924B62BAFF5280032FFE8 /* Util.swift */ = {isa = PBXFileReference; lastKnownFileType = sourcecode.swift; path = Util.swift; sourceTree = "<group>"; };
/* End PBXFileReference section */

/* Begin PBXFrameworksBuildPhase section */
		AA2924972BAFF3DD0032FFE8 /* Frameworks */ = {
			isa = PBXFrameworksBuildPhase;
			buildActionMask = 2147483647;
			files = (
			);
			runOnlyForDeploymentPostprocessing = 0;
		};
/* End PBXFrameworksBuildPhase section */

/* Begin PBXGroup section */
		AA2924912BAFF3DD0032FFE8 = {
			isa = PBXGroup;
			children = (
				AA29249C2BAFF3DD0032FFE8 /* paopaoCalendar */,
				AA29249B2BAFF3DD0032FFE8 /* Products */,
			);
			sourceTree = "<group>";
		};
		AA29249B2BAFF3DD0032FFE8 /* Products */ = {
			isa = PBXGroup;
			children = (
				AA29249A2BAFF3DD0032FFE8 /* paopaoCalendar.app */,
			);
			name = Products;
			sourceTree = "<group>";
		};
		AA29249C2BAFF3DD0032FFE8 /* paopaoCalendar */ = {
			isa = PBXGroup;
			children = (
				AA29249D2BAFF3DD0032FFE8 /* paopaoCalendarApp.swift */,
				AA29249F2BAFF3DD0032FFE8 /* ContentView.swift */,
				AA2924AD2BAFF48C0032FFE8 /* LunarCalendar */,
				AA2924A12BAFF3DE0032FFE8 /* Assets.xcassets */,
				AA2924A32BAFF3DE0032FFE8 /* paopaoCalendar.entitlements */,
				AA2924A42BAFF3DE0032FFE8 /* Preview Content */,
			);
			path = paopaoCalendar;
			sourceTree = "<group>";
		};
		AA2924A42BAFF3DE0032FFE8 /* Preview Content */ = {
			isa = PBXGroup;
			children = (
				AA2924A52BAFF3DE0032FFE8 /* Preview Assets.xcassets */,
			);
			path = "Preview Content";
			sourceTree = "<group>";
		};
		AA2924AD2BAFF48C0032FFE8 /* LunarCalendar */ = {
			isa = PBXGroup;
			children = (
				AA2924AE2BAFF4C40032FFE8 /* LunarCalendar.swift */,
				AA2924B02BAFF4DF0032FFE8 /* CalendarGrid.swift */,
				AA2924B22BAFF4F90032FFE8 /* CalendarWeek.swift */,
				AA2924B42BAFF50F0032FFE8 /* CalenderDay.swift */,
				AA2924B62BAFF5280032FFE8 /* Util.swift */,
			);
			path = LunarCalendar;
			sourceTree = "<group>";
		};
/* End PBXGroup section */

/* Begin PBXNativeTarget section */
		AA2924992BAFF3DD0032FFE8 /* paopaoCalendar */ = {
			isa = PBXNativeTarget;
			buildConfigurationList = AA2924A92BAFF3DE0032FFE8 /* Build configuration list for PBXNativeTarget "paopaoCalendar" */;
			buildPhases = (
				AA2924962BAFF3DD0032FFE8 /* Sources */,
				AA2924972BAFF3DD0032FFE8 /* Frameworks */,
				AA2924982BAFF3DD0032FFE8 /* Resources */,
			);
			buildRules = (
			);
			dependencies = (
			);
			name = paopaoCalendar;
			productName = paopaoCalendar;
			productReference = AA29249A2BAFF3DD0032FFE8 /* paopaoCalendar.app */;
			productType = "com.apple.product-type.application";
		};
/* End PBXNativeTarget section */

/* Begin PBXProject section */
		AA2924922BAFF3DD0032FFE8 /* Project object */ = {
			isa = PBXProject;
			attributes = {
				BuildIndependentTargetsInParallel = 1;
				LastSwiftUpdateCheck = 1530;
				LastUpgradeCheck = 1530;
				TargetAttributes = {
					AA2924992BAFF3DD0032FFE8 = {
						CreatedOnToolsVersion = 15.3;
					};
				};
			};
			buildConfigurationList = AA2924952BAFF3DD0032FFE8 /* Build configuration list for PBXProject "paopaoCalendar" */;
			compatibilityVersion = "Xcode 14.0";
			developmentRegion = en;
			hasScannedForEncodings = 0;
			knownRegions = (
				en,
				Base,
			);
			mainGroup = AA2924912BAFF3DD0032FFE8;
			productRefGroup = AA29249B2BAFF3DD0032FFE8 /* Products */;
			projectDirPath = "";
			projectRoot = "";
			targets = (
				AA2924992BAFF3DD0032FFE8 /* paopaoCalendar */,
			);
		};
/* End PBXProject section */

/* Begin PBXResourcesBuildPhase section */
		AA2924982BAFF3DD0032FFE8 /* Resources */ = {
			isa = PBXResourcesBuildPhase;
			buildActionMask = 2147483647;
			files = (
				AA2924A62BAFF3DE0032FFE8 /* Preview Assets.xcassets in Resources */,
				AA2924A22BAFF3DE0032FFE8 /* Assets.xcassets in Resources */,
			);
			runOnlyForDeploymentPostprocessing = 0;
		};
/* End PBXResourcesBuildPhase section */

/* Begin PBXSourcesBuildPhase section */
		AA2924962BAFF3DD0032FFE8 /* Sources */ = {
			isa = PBXSourcesBuildPhase;
			buildActionMask = 2147483647;
			files = (
				AA2924AF2BAFF4C40032FFE8 /* LunarCalendar.swift in Sources */,
				AA2924B12BAFF4DF0032FFE8 /* CalendarGrid.swift in Sources */,
				AA2924A02BAFF3DD0032FFE8 /* ContentView.swift in Sources */,
				AA2924B32BAFF4F90032FFE8 /* CalendarWeek.swift in Sources */,
				AA2924B72BAFF5280032FFE8 /* Util.swift in Sources */,
				AA2924B52BAFF50F0032FFE8 /* CalenderDay.swift in Sources */,
				AA29249E2BAFF3DD0032FFE8 /* paopaoCalendarApp.swift in Sources */,
			);
			runOnlyForDeploymentPostprocessing = 0;
		};
/* End PBXSourcesBuildPhase section */

/* Begin XCBuildConfiguration section */
		AA2924A72BAFF3DE0032FFE8 /* Debug */ = {
			isa = XCBuildConfiguration;
			buildSettings = {
				ALWAYS_SEARCH_USER_PATHS = NO;
				ASSETCATALOG_COMPILER_GENERATE_SWIFT_ASSET_SYMBOL_EXTENSIONS = YES;
				CLANG_ANALYZER_NONNULL = YES;
				CLANG_ANALYZER_NUMBER_OBJECT_CONVERSION = YES_AGGRESSIVE;
				CLANG_CXX_LANGUAGE_STANDARD = "gnu++20";
				CLANG_ENABLE_MODULES = YES;
				CLANG_ENABLE_OBJC_ARC = YES;
				CLANG_ENABLE_OBJC_WEAK = YES;
				CLANG_WARN_BLOCK_CAPTURE_AUTORELEASING = YES;
				CLANG_WARN_BOOL_CONVERSION = YES;
				CLANG_WARN_COMMA = YES;
				CLANG_WARN_CONSTANT_CONVERSION = YES;
				CLANG_WARN_DEPRECATED_OBJC_IMPLEMENTATIONS = YES;
				CLANG_WARN_DIRECT_OBJC_ISA_USAGE = YES_ERROR;
				CLANG_WARN_DOCUMENTATION_COMMENTS = YES;
				CLANG_WARN_EMPTY_BODY = YES;
				CLANG_WARN_ENUM_CONVERSION = YES;
				CLANG_WARN_INFINITE_RECURSION = YES;
				CLANG_WARN_INT_CONVERSION = YES;
				CLANG_WARN_NON_LITERAL_NULL_CONVERSION = YES;
				CLANG_WARN_OBJC_IMPLICIT_RETAIN_SELF = YES;
				CLANG_WARN_OBJC_LITERAL_CONVERSION = YES;
				CLANG_WARN_OBJC_ROOT_CLASS = YES_ERROR;
				CLANG_WARN_QUOTED_INCLUDE_IN_FRAMEWORK_HEADER = YES;
				CLANG_WARN_RANGE_LOOP_ANALYSIS = YES;
				CLANG_WARN_STRICT_PROTOTYPES = YES;
				CLANG_WARN_SUSPICIOUS_MOVE = YES;
				CLANG_WARN_UNGUARDED_AVAILABILITY = YES_AGGRESSIVE;
				CLANG_WARN_UNREACHABLE_CODE = YES;
				CLANG_WARN__DUPLICATE_METHOD_MATCH = YES;
				COPY_PHASE_STRIP = NO;
				DEBUG_INFORMATION_FORMAT = dwarf;
				ENABLE_STRICT_OBJC_MSGSEND = YES;
				ENABLE_TESTABILITY = YES;
				ENABLE_USER_SCRIPT_SANDBOXING = YES;
				GCC_C_LANGUAGE_STANDARD = gnu17;
				GCC_DYNAMIC_NO_PIC = NO;
				GCC_NO_COMMON_BLOCKS = YES;
				GCC_OPTIMIZATION_LEVEL = 0;
				GCC_PREPROCESSOR_DEFINITIONS = (
					"DEBUG=1",
					"$(inherited)",
				);
				GCC_WARN_64_TO_32_BIT_CONVERSION = YES;
				GCC_WARN_ABOUT_RETURN_TYPE = YES_ERROR;
				GCC_WARN_UNDECLARED_SELECTOR = YES;
				GCC_WARN_UNINITIALIZED_AUTOS = YES_AGGRESSIVE;
				GCC_WARN_UNUSED_FUNCTION = YES;
				GCC_WARN_UNUSED_VARIABLE = YES;
				LOCALIZATION_PREFERS_STRING_CATALOGS = YES;
				MTL_ENABLE_DEBUG_INFO = INCLUDE_SOURCE;
				MTL_FAST_MATH = YES;
				ONLY_ACTIVE_ARCH = YES;
				SWIFT_ACTIVE_COMPILATION_CONDITIONS = "DEBUG $(inherited)";
				SWIFT_OPTIMIZATION_LEVEL = "-Onone";
			};
			name = Debug;
		};
		AA2924A82BAFF3DE0032FFE8 /* Release */ = {
			isa = XCBuildConfiguration;
			buildSettings = {
				ALWAYS_SEARCH_USER_PATHS = NO;
				ASSETCATALOG_COMPILER_GENERATE_SWIFT_ASSET_SYMBOL_EXTENSIONS = YES;
				CLANG_ANALYZER_NONNULL = YES;
				CLANG_ANALYZER_NUMBER_OBJECT_CONVERSION = YES_AGGRESSIVE;
				CLANG_CXX_LANGUAGE_STANDARD = "gnu++20";
				CLANG_ENABLE_MODULES = YES;
				CLANG_ENABLE_OBJC_ARC = YES;
				CLANG_ENABLE_OBJC_WEAK = YES;
				CLANG_WARN_BLOCK_CAPTURE_AUTORELEASING = YES;
				CLANG_WARN_BOOL_CONVERSION = YES;
				CLANG_WARN_COMMA = YES;
				CLANG_WARN_CONSTANT_CONVERSION = YES;
				CLANG_WARN_DEPRECATED_OBJC_IMPLEMENTATIONS = YES;
				CLANG_WARN_DIRECT_OBJC_ISA_USAGE = YES_ERROR;
				CLANG_WARN_DOCUMENTATION_COMMENTS = YES;
				CLANG_WARN_EMPTY_BODY = YES;
				CLANG_WARN_ENUM_CONVERSION = YES;
				CLANG_WARN_INFINITE_RECURSION = YES;
				CLANG_WARN_INT_CONVERSION = YES;
				CLANG_WARN_NON_LITERAL_NULL_CONVERSION = YES;
				CLANG_WARN_OBJC_IMPLICIT_RETAIN_SELF = YES;
				CLANG_WARN_OBJC_LITERAL_CONVERSION = YES;
				CLANG_WARN_OBJC_ROOT_CLASS = YES_ERROR;
				CLANG_WARN_QUOTED_INCLUDE_IN_FRAMEWORK_HEADER = YES;
				CLANG_WARN_RANGE_LOOP_ANALYSIS = YES;
				CLANG_WARN_STRICT_PROTOTYPES = YES;
				CLANG_WARN_SUSPICIOUS_MOVE = YES;
				CLANG_WARN_UNGUARDED_AVAILABILITY = YES_AGGRESSIVE;
				CLANG_WARN_UNREACHABLE_CODE = YES;
				CLANG_WARN__DUPLICATE_METHOD_MATCH = YES;
				COPY_PHASE_STRIP = NO;
				DEBUG_INFORMATION_FORMAT = "dwarf-with-dsym";
				ENABLE_NS_ASSERTIONS = NO;
				ENABLE_STRICT_OBJC_MSGSEND = YES;
				ENABLE_USER_SCRIPT_SANDBOXING = YES;
				GCC_C_LANGUAGE_STANDARD = gnu17;
				GCC_NO_COMMON_BLOCKS = YES;
				GCC_WARN_64_TO_32_BIT_CONVERSION = YES;
				GCC_WARN_ABOUT_RETURN_TYPE = YES_ERROR;
				GCC_WARN_UNDECLARED_SELECTOR = YES;
				GCC_WARN_UNINITIALIZED_AUTOS = YES_AGGRESSIVE;
				GCC_WARN_UNUSED_FUNCTION = YES;
				GCC_WARN_UNUSED_VARIABLE = YES;
				LOCALIZATION_PREFERS_STRING_CATALOGS = YES;
				MTL_ENABLE_DEBUG_INFO = NO;
				MTL_FAST_MATH = YES;
				SWIFT_COMPILATION_MODE = wholemodule;
			};
			name = Release;
		};
		AA2924AA2BAFF3DE0032FFE8 /* Debug */ = {
			isa = XCBuildConfiguration;
			buildSettings = {
				ASSETCATALOG_COMPILER_APPICON_NAME = AppIcon;
				ASSETCATALOG_COMPILER_GLOBAL_ACCENT_COLOR_NAME = AccentColor;
				CODE_SIGN_ENTITLEMENTS = paopaoCalendar/paopaoCalendar.entitlements;
				CODE_SIGN_STYLE = Automatic;
				CURRENT_PROJECT_VERSION = 1;
				DEVELOPMENT_ASSET_PATHS = "\"paopaoCalendar/Preview Content\"";
				DEVELOPMENT_TEAM = GRX5ZFZPXM;
				ENABLE_HARDENED_RUNTIME = YES;
				ENABLE_PREVIEWS = YES;
				GENERATE_INFOPLIST_FILE = YES;
				"INFOPLIST_KEY_UIApplicationSceneManifest_Generation[sdk=iphoneos*]" = YES;
				"INFOPLIST_KEY_UIApplicationSceneManifest_Generation[sdk=iphonesimulator*]" = YES;
				"INFOPLIST_KEY_UIApplicationSupportsIndirectInputEvents[sdk=iphoneos*]" = YES;
				"INFOPLIST_KEY_UIApplicationSupportsIndirectInputEvents[sdk=iphonesimulator*]" = YES;
				"INFOPLIST_KEY_UILaunchScreen_Generation[sdk=iphoneos*]" = YES;
				"INFOPLIST_KEY_UILaunchScreen_Generation[sdk=iphonesimulator*]" = YES;
				"INFOPLIST_KEY_UIStatusBarStyle[sdk=iphoneos*]" = UIStatusBarStyleDefault;
				"INFOPLIST_KEY_UIStatusBarStyle[sdk=iphonesimulator*]" = UIStatusBarStyleDefault;
				INFOPLIST_KEY_UISupportedInterfaceOrientations_iPad = "UIInterfaceOrientationPortrait UIInterfaceOrientationPortraitUpsideDown UIInterfaceOrientationLandscapeLeft UIInterfaceOrientationLandscapeRight";
				INFOPLIST_KEY_UISupportedInterfaceOrientations_iPhone = "UIInterfaceOrientationPortrait UIInterfaceOrientationLandscapeLeft UIInterfaceOrientationLandscapeRight";
				IPHONEOS_DEPLOYMENT_TARGET = 17.4;
				LD_RUNPATH_SEARCH_PATHS = "@executable_path/Frameworks";
				"LD_RUNPATH_SEARCH_PATHS[sdk=macosx*]" = "@executable_path/../Frameworks";
				MACOSX_DEPLOYMENT_TARGET = 14.3;
				MARKETING_VERSION = 1.0;
				PRODUCT_BUNDLE_IDENTIFIER = com.paopaobox2.paopaoCalendar;
				PRODUCT_NAME = "$(TARGET_NAME)";
				SDKROOT = auto;
				SUPPORTED_PLATFORMS = "iphoneos iphonesimulator macosx";
				SWIFT_EMIT_LOC_STRINGS = YES;
				SWIFT_VERSION = 5.0;
				TARGETED_DEVICE_FAMILY = "1,2";
			};
			name = Debug;
		};
		AA2924AB2BAFF3DE0032FFE8 /* Release */ = {
			isa = XCBuildConfiguration;
			buildSettings = {
				ASSETCATALOG_COMPILER_APPICON_NAME = AppIcon;
				ASSETCATALOG_COMPILER_GLOBAL_ACCENT_COLOR_NAME = AccentColor;
				CODE_SIGN_ENTITLEMENTS = paopaoCalendar/paopaoCalendar.entitlements;
				CODE_SIGN_STYLE = Automatic;
				CURRENT_PROJECT_VERSION = 1;
				DEVELOPMENT_ASSET_PATHS = "\"paopaoCalendar/Preview Content\"";
				DEVELOPMENT_TEAM = GRX5ZFZPXM;
				ENABLE_HARDENED_RUNTIME = YES;
				ENABLE_PREVIEWS = YES;
				GENERATE_INFOPLIST_FILE = YES;
				"INFOPLIST_KEY_UIApplicationSceneManifest_Generation[sdk=iphoneos*]" = YES;
				"INFOPLIST_KEY_UIApplicationSceneManifest_Generation[sdk=iphonesimulator*]" = YES;
				"INFOPLIST_KEY_UIApplicationSupportsIndirectInputEvents[sdk=iphoneos*]" = YES;
				"INFOPLIST_KEY_UIApplicationSupportsIndirectInputEvents[sdk=iphonesimulator*]" = YES;
				"INFOPLIST_KEY_UILaunchScreen_Generation[sdk=iphoneos*]" = YES;
				"INFOPLIST_KEY_UILaunchScreen_Generation[sdk=iphonesimulator*]" = YES;
				"INFOPLIST_KEY_UIStatusBarStyle[sdk=iphoneos*]" = UIStatusBarStyleDefault;
				"INFOPLIST_KEY_UIStatusBarStyle[sdk=iphonesimulator*]" = UIStatusBarStyleDefault;
				INFOPLIST_KEY_UISupportedInterfaceOrientations_iPad = "UIInterfaceOrientationPortrait UIInterfaceOrientationPortraitUpsideDown UIInterfaceOrientationLandscapeLeft UIInterfaceOrientationLandscapeRight";
				INFOPLIST_KEY_UISupportedInterfaceOrientations_iPhone = "UIInterfaceOrientationPortrait UIInterfaceOrientationLandscapeLeft UIInterfaceOrientationLandscapeRight";
				IPHONEOS_DEPLOYMENT_TARGET = 17.4;
				LD_RUNPATH_SEARCH_PATHS = "@executable_path/Frameworks";
				"LD_RUNPATH_SEARCH_PATHS[sdk=macosx*]" = "@executable_path/../Frameworks";
				MACOSX_DEPLOYMENT_TARGET = 14.3;
				MARKETING_VERSION = 1.0;
				PRODUCT_BUNDLE_IDENTIFIER = com.paopaobox2.paopaoCalendar;
				PRODUCT_NAME = "$(TARGET_NAME)";
				SDKROOT = auto;
				SUPPORTED_PLATFORMS = "iphoneos iphonesimulator macosx";
				SWIFT_EMIT_LOC_STRINGS = YES;
				SWIFT_VERSION = 5.0;
				TARGETED_DEVICE_FAMILY = "1,2";
			};
			name = Release;
		};
/* End XCBuildConfiguration section */

/* Begin XCConfigurationList section */
		AA2924952BAFF3DD0032FFE8 /* Build configuration list for PBXProject "paopaoCalendar" */ = {
			isa = XCConfigurationList;
			buildConfigurations = (
				AA2924A72BAFF3DE0032FFE8 /* Debug */,
				AA2924A82BAFF3DE0032FFE8 /* Release */,
			);
			defaultConfigurationIsVisible = 0;
			defaultConfigurationName = Release;
		};
		AA2924A92BAFF3DE0032FFE8 /* Build configuration list for PBXNativeTarget "paopaoCalendar" */ = {
			isa = XCConfigurationList;
			buildConfigurations = (
				AA2924AA2BAFF3DE0032FFE8 /* Debug */,
				AA2924AB2BAFF3DE0032FFE8 /* Release */,
			);
			defaultConfigurationIsVisible = 0;
			defaultConfigurationName = Release;
		};
/* End XCConfigurationList section */
	};
	rootObject = AA2924922BAFF3DD0032FFE8 /* Project object */;
}
